// !$*UTF8*$!
{
	archiveVersion = 1;
	classes = {
	};
	objectVersion = 46;
	objects = {

/* Begin PBXBuildFile section */
		CA4F167C184D0CB600AE2475 /* Foundation.framework in Frameworks */ = {isa = PBXBuildFile; fileRef = CA4F167B184D0CB600AE2475 /* Foundation.framework */; };
		CA4F167E184D0CB600AE2475 /* CoreGraphics.framework in Frameworks */ = {isa = PBXBuildFile; fileRef = CA4F167D184D0CB600AE2475 /* CoreGraphics.framework */; };
		CA4F1680184D0CB600AE2475 /* UIKit.framework in Frameworks */ = {isa = PBXBuildFile; fileRef = CA4F167F184D0CB600AE2475 /* UIKit.framework */; };
		CA4F1686184D0CB600AE2475 /* InfoPlist.strings in Resources */ = {isa = PBXBuildFile; fileRef = CA4F1684184D0CB600AE2475 /* InfoPlist.strings */; };
		CA4F1688184D0CB600AE2475 /* main.m in Sources */ = {isa = PBXBuildFile; fileRef = CA4F1687184D0CB600AE2475 /* main.m */; };
		CA4F168C184D0CB600AE2475 /* JYGraphAppDelegate.m in Sources */ = {isa = PBXBuildFile; fileRef = CA4F168B184D0CB600AE2475 /* JYGraphAppDelegate.m */; };
		CA4F1694184D0CB600AE2475 /* Images.xcassets in Resources */ = {isa = PBXBuildFile; fileRef = CA4F1693184D0CB600AE2475 /* Images.xcassets */; };
		CA4F16B6184D0CDB00AE2475 /* JYGraphMenuViewController.m in Sources */ = {isa = PBXBuildFile; fileRef = CA4F16B1184D0CDB00AE2475 /* JYGraphMenuViewController.m */; };
		CA4F16B7184D0CDB00AE2475 /* JYGraphMenuViewController.xib in Resources */ = {isa = PBXBuildFile; fileRef = CA4F16B2184D0CDB00AE2475 /* JYGraphMenuViewController.xib */; };
		CA5006CB19A93CD800E993E6 /* JYGraphView.m in Sources */ = {isa = PBXBuildFile; fileRef = CA5006CA19A93CD800E993E6 /* JYGraphView.m */; };
		CAD411471850B53D005C28F2 /* JYGraphPoint.m in Sources */ = {isa = PBXBuildFile; fileRef = CAD411461850B53D005C28F2 /* JYGraphPoint.m */; };
		DF70F6DE1AB1FD5700F211A7 /* InterfaceController.m in Sources */ = {isa = PBXBuildFile; fileRef = DF70F6DD1AB1FD5700F211A7 /* InterfaceController.m */; };
		DF70F6E41AB1FD5700F211A7 /* GlanceController.m in Sources */ = {isa = PBXBuildFile; fileRef = DF70F6E31AB1FD5700F211A7 /* GlanceController.m */; };
		DF70F6E61AB1FD5700F211A7 /* Images.xcassets in Resources */ = {isa = PBXBuildFile; fileRef = DF70F6E51AB1FD5700F211A7 /* Images.xcassets */; };
		DF70F6EA1AB1FD5700F211A7 /* JYGraphViewDemoProject WatchKit App.app in Resources */ = {isa = PBXBuildFile; fileRef = DF70F6E91AB1FD5700F211A7 /* JYGraphViewDemoProject WatchKit App.app */; };
		DF70F6F21AB1FD5700F211A7 /* Interface.storyboard in Resources */ = {isa = PBXBuildFile; fileRef = DF70F6F01AB1FD5700F211A7 /* Interface.storyboard */; };
		DF70F6F41AB1FD5700F211A7 /* Images.xcassets in Resources */ = {isa = PBXBuildFile; fileRef = DF70F6F31AB1FD5700F211A7 /* Images.xcassets */; };
		DF70F6F71AB1FD5700F211A7 /* JYGraphViewDemoProject WatchKit Extension.appex in Embed App Extensions */ = {isa = PBXBuildFile; fileRef = DF70F6D71AB1FD5700F211A7 /* JYGraphViewDemoProject WatchKit Extension.appex */; settings = {ATTRIBUTES = (RemoveHeadersOnCopy, ); }; };
		DF70F6FF1AB1FED200F211A7 /* JYGraphView.m in Sources */ = {isa = PBXBuildFile; fileRef = CA5006CA19A93CD800E993E6 /* JYGraphView.m */; };
		DF70F7001AB1FFAD00F211A7 /* JYGraphPoint.m in Sources */ = {isa = PBXBuildFile; fileRef = CAD411461850B53D005C28F2 /* JYGraphPoint.m */; };
		DFE95DC11A49723C00FB8AD7 /* JYGraphMenuViewController~ipad.xib in Resources */ = {isa = PBXBuildFile; fileRef = DFE95DC01A49723C00FB8AD7 /* JYGraphMenuViewController~ipad.xib */; };
/* End PBXBuildFile section */

/* Begin PBXContainerItemProxy section */
		DF70F6EB1AB1FD5700F211A7 /* PBXContainerItemProxy */ = {
			isa = PBXContainerItemProxy;
			containerPortal = CA4F1670184D0CB600AE2475 /* Project object */;
			proxyType = 1;
			remoteGlobalIDString = DF70F6E81AB1FD5700F211A7;
			remoteInfo = "JYGraphViewDemoProject WatchKit App";
		};
		DF70F6F51AB1FD5700F211A7 /* PBXContainerItemProxy */ = {
			isa = PBXContainerItemProxy;
			containerPortal = CA4F1670184D0CB600AE2475 /* Project object */;
			proxyType = 1;
			remoteGlobalIDString = DF70F6D61AB1FD5700F211A7;
			remoteInfo = "JYGraphViewDemoProject WatchKit Extension";
		};
/* End PBXContainerItemProxy section */

/* Begin PBXCopyFilesBuildPhase section */
		DF70F6FE1AB1FD5700F211A7 /* Embed App Extensions */ = {
			isa = PBXCopyFilesBuildPhase;
			buildActionMask = 2147483647;
			dstPath = "";
			dstSubfolderSpec = 13;
			files = (
				DF70F6F71AB1FD5700F211A7 /* JYGraphViewDemoProject WatchKit Extension.appex in Embed App Extensions */,
			);
			name = "Embed App Extensions";
			runOnlyForDeploymentPostprocessing = 0;
		};
/* End PBXCopyFilesBuildPhase section */

/* Begin PBXFileReference section */
		CA4F1678184D0CB600AE2475 /* JYGraphViewDemoProject.app */ = {isa = PBXFileReference; explicitFileType = wrapper.application; includeInIndex = 0; path = JYGraphViewDemoProject.app; sourceTree = BUILT_PRODUCTS_DIR; };
		CA4F167B184D0CB600AE2475 /* Foundation.framework */ = {isa = PBXFileReference; lastKnownFileType = wrapper.framework; name = Foundation.framework; path = System/Library/Frameworks/Foundation.framework; sourceTree = SDKROOT; };
		CA4F167D184D0CB600AE2475 /* CoreGraphics.framework */ = {isa = PBXFileReference; lastKnownFileType = wrapper.framework; name = CoreGraphics.framework; path = System/Library/Frameworks/CoreGraphics.framework; sourceTree = SDKROOT; };
		CA4F167F184D0CB600AE2475 /* UIKit.framework */ = {isa = PBXFileReference; lastKnownFileType = wrapper.framework; name = UIKit.framework; path = System/Library/Frameworks/UIKit.framework; sourceTree = SDKROOT; };
		CA4F1683184D0CB600AE2475 /* JYGraphViewDemoProject-Info.plist */ = {isa = PBXFileReference; lastKnownFileType = text.plist.xml; path = "JYGraphViewDemoProject-Info.plist"; sourceTree = "<group>"; };
		CA4F1685184D0CB600AE2475 /* en */ = {isa = PBXFileReference; lastKnownFileType = text.plist.strings; name = en; path = en.lproj/InfoPlist.strings; sourceTree = "<group>"; };
		CA4F1687184D0CB600AE2475 /* main.m */ = {isa = PBXFileReference; lastKnownFileType = sourcecode.c.objc; path = main.m; sourceTree = "<group>"; };
		CA4F1689184D0CB600AE2475 /* JYGraphViewDemoProject-Prefix.pch */ = {isa = PBXFileReference; lastKnownFileType = sourcecode.c.h; path = "JYGraphViewDemoProject-Prefix.pch"; sourceTree = "<group>"; };
		CA4F168A184D0CB600AE2475 /* JYGraphAppDelegate.h */ = {isa = PBXFileReference; lastKnownFileType = sourcecode.c.h; path = JYGraphAppDelegate.h; sourceTree = "<group>"; };
		CA4F168B184D0CB600AE2475 /* JYGraphAppDelegate.m */ = {isa = PBXFileReference; lastKnownFileType = sourcecode.c.objc; path = JYGraphAppDelegate.m; sourceTree = "<group>"; };
		CA4F1693184D0CB600AE2475 /* Images.xcassets */ = {isa = PBXFileReference; lastKnownFileType = folder.assetcatalog; path = Images.xcassets; sourceTree = "<group>"; };
		CA4F169A184D0CB600AE2475 /* XCTest.framework */ = {isa = PBXFileReference; lastKnownFileType = wrapper.framework; name = XCTest.framework; path = Library/Frameworks/XCTest.framework; sourceTree = DEVELOPER_DIR; };
		CA4F16B0184D0CDB00AE2475 /* JYGraphMenuViewController.h */ = {isa = PBXFileReference; fileEncoding = 4; lastKnownFileType = sourcecode.c.h; path = JYGraphMenuViewController.h; sourceTree = "<group>"; };
		CA4F16B1184D0CDB00AE2475 /* JYGraphMenuViewController.m */ = {isa = PBXFileReference; fileEncoding = 4; lastKnownFileType = sourcecode.c.objc; path = JYGraphMenuViewController.m; sourceTree = "<group>"; };
		CA4F16B2184D0CDB00AE2475 /* JYGraphMenuViewController.xib */ = {isa = PBXFileReference; fileEncoding = 4; lastKnownFileType = file.xib; path = JYGraphMenuViewController.xib; sourceTree = "<group>"; };
		CA5006C919A93CD800E993E6 /* JYGraphView.h */ = {isa = PBXFileReference; fileEncoding = 4; lastKnownFileType = sourcecode.c.h; path = JYGraphView.h; sourceTree = "<group>"; };
		CA5006CA19A93CD800E993E6 /* JYGraphView.m */ = {isa = PBXFileReference; fileEncoding = 4; lastKnownFileType = sourcecode.c.objc; path = JYGraphView.m; sourceTree = "<group>"; };
		CAD411451850B53D005C28F2 /* JYGraphPoint.h */ = {isa = PBXFileReference; fileEncoding = 4; lastKnownFileType = sourcecode.c.h; path = JYGraphPoint.h; sourceTree = "<group>"; };
		CAD411461850B53D005C28F2 /* JYGraphPoint.m */ = {isa = PBXFileReference; fileEncoding = 4; lastKnownFileType = sourcecode.c.objc; path = JYGraphPoint.m; sourceTree = "<group>"; };
		DF233F01185250B40022C2B0 /* CoreMotion.framework */ = {isa = PBXFileReference; lastKnownFileType = wrapper.framework; name = CoreMotion.framework; path = System/Library/Frameworks/CoreMotion.framework; sourceTree = SDKROOT; };
		DF70F6D71AB1FD5700F211A7 /* JYGraphViewDemoProject WatchKit Extension.appex */ = {isa = PBXFileReference; explicitFileType = "wrapper.app-extension"; includeInIndex = 0; path = "JYGraphViewDemoProject WatchKit Extension.appex"; sourceTree = BUILT_PRODUCTS_DIR; };
		DF70F6DA1AB1FD5700F211A7 /* Info.plist */ = {isa = PBXFileReference; lastKnownFileType = text.plist.xml; path = Info.plist; sourceTree = "<group>"; };
		DF70F6DB1AB1FD5700F211A7 /* PushNotificationPayload.apns */ = {isa = PBXFileReference; lastKnownFileType = text; path = PushNotificationPayload.apns; sourceTree = "<group>"; };
		DF70F6DC1AB1FD5700F211A7 /* InterfaceController.h */ = {isa = PBXFileReference; lastKnownFileType = sourcecode.c.h; path = InterfaceController.h; sourceTree = "<group>"; };
		DF70F6DD1AB1FD5700F211A7 /* InterfaceController.m */ = {isa = PBXFileReference; lastKnownFileType = sourcecode.c.objc; path = InterfaceController.m; sourceTree = "<group>"; };
		DF70F6E21AB1FD5700F211A7 /* GlanceController.h */ = {isa = PBXFileReference; lastKnownFileType = sourcecode.c.h; path = GlanceController.h; sourceTree = "<group>"; };
		DF70F6E31AB1FD5700F211A7 /* GlanceController.m */ = {isa = PBXFileReference; lastKnownFileType = sourcecode.c.objc; path = GlanceController.m; sourceTree = "<group>"; };
		DF70F6E51AB1FD5700F211A7 /* Images.xcassets */ = {isa = PBXFileReference; lastKnownFileType = folder.assetcatalog; path = Images.xcassets; sourceTree = "<group>"; };
		DF70F6E91AB1FD5700F211A7 /* JYGraphViewDemoProject WatchKit App.app */ = {isa = PBXFileReference; explicitFileType = wrapper.application; includeInIndex = 0; path = "JYGraphViewDemoProject WatchKit App.app"; sourceTree = BUILT_PRODUCTS_DIR; };
		DF70F6EF1AB1FD5700F211A7 /* Info.plist */ = {isa = PBXFileReference; lastKnownFileType = text.plist.xml; path = Info.plist; sourceTree = "<group>"; };
		DF70F6F11AB1FD5700F211A7 /* Base */ = {isa = PBXFileReference; lastKnownFileType = file.storyboard; name = Base; path = Base.lproj/Interface.storyboard; sourceTree = "<group>"; };
		DF70F6F31AB1FD5700F211A7 /* Images.xcassets */ = {isa = PBXFileReference; lastKnownFileType = folder.assetcatalog; path = Images.xcassets; sourceTree = "<group>"; };
		DFE95DC01A49723C00FB8AD7 /* JYGraphMenuViewController~ipad.xib */ = {isa = PBXFileReference; fileEncoding = 4; lastKnownFileType = file.xib; path = "JYGraphMenuViewController~ipad.xib"; sourceTree = "<group>"; };
/* End PBXFileReference section */

/* Begin PBXFrameworksBuildPhase section */
		CA4F1675184D0CB600AE2475 /* Frameworks */ = {
			isa = PBXFrameworksBuildPhase;
			buildActionMask = 2147483647;
			files = (
				CA4F167E184D0CB600AE2475 /* CoreGraphics.framework in Frameworks */,
				CA4F1680184D0CB600AE2475 /* UIKit.framework in Frameworks */,
				CA4F167C184D0CB600AE2475 /* Foundation.framework in Frameworks */,
			);
			runOnlyForDeploymentPostprocessing = 0;
		};
		DF70F6D41AB1FD5700F211A7 /* Frameworks */ = {
			isa = PBXFrameworksBuildPhase;
			buildActionMask = 2147483647;
			files = (
			);
			runOnlyForDeploymentPostprocessing = 0;
		};
/* End PBXFrameworksBuildPhase section */

/* Begin PBXGroup section */
		CA4F166F184D0CB600AE2475 = {
			isa = PBXGroup;
			children = (
				CA4F1681184D0CB600AE2475 /* JYGraphViewDemoProject */,
				DF70F6D81AB1FD5700F211A7 /* JYGraphViewDemoProject WatchKit Extension */,
				DF70F6ED1AB1FD5700F211A7 /* JYGraphViewDemoProject WatchKit App */,
				CA4F167A184D0CB600AE2475 /* Frameworks */,
				CA4F1679184D0CB600AE2475 /* Products */,
			);
			sourceTree = "<group>";
		};
		CA4F1679184D0CB600AE2475 /* Products */ = {
			isa = PBXGroup;
			children = (
				CA4F1678184D0CB600AE2475 /* JYGraphViewDemoProject.app */,
				DF70F6D71AB1FD5700F211A7 /* JYGraphViewDemoProject WatchKit Extension.appex */,
				DF70F6E91AB1FD5700F211A7 /* JYGraphViewDemoProject WatchKit App.app */,
			);
			name = Products;
			sourceTree = "<group>";
		};
		CA4F167A184D0CB600AE2475 /* Frameworks */ = {
			isa = PBXGroup;
			children = (
				DF233F01185250B40022C2B0 /* CoreMotion.framework */,
				CA4F167B184D0CB600AE2475 /* Foundation.framework */,
				CA4F167D184D0CB600AE2475 /* CoreGraphics.framework */,
				CA4F167F184D0CB600AE2475 /* UIKit.framework */,
				CA4F169A184D0CB600AE2475 /* XCTest.framework */,
			);
			name = Frameworks;
			sourceTree = "<group>";
		};
		CA4F1681184D0CB600AE2475 /* JYGraphViewDemoProject */ = {
			isa = PBXGroup;
			children = (
				CA4F168A184D0CB600AE2475 /* JYGraphAppDelegate.h */,
				CA4F168B184D0CB600AE2475 /* JYGraphAppDelegate.m */,
				CA4F16B0184D0CDB00AE2475 /* JYGraphMenuViewController.h */,
				CA4F16B1184D0CDB00AE2475 /* JYGraphMenuViewController.m */,
				CA4F16B2184D0CDB00AE2475 /* JYGraphMenuViewController.xib */,
				DFE95DC01A49723C00FB8AD7 /* JYGraphMenuViewController~ipad.xib */,
				CA5006C919A93CD800E993E6 /* JYGraphView.h */,
				CA5006CA19A93CD800E993E6 /* JYGraphView.m */,
				CAD411451850B53D005C28F2 /* JYGraphPoint.h */,
				CAD411461850B53D005C28F2 /* JYGraphPoint.m */,
				CA4F1693184D0CB600AE2475 /* Images.xcassets */,
				CA4F1682184D0CB600AE2475 /* Supporting Files */,
			);
			path = JYGraphViewDemoProject;
			sourceTree = "<group>";
		};
		CA4F1682184D0CB600AE2475 /* Supporting Files */ = {
			isa = PBXGroup;
			children = (
				CA4F1683184D0CB600AE2475 /* JYGraphViewDemoProject-Info.plist */,
				CA4F1684184D0CB600AE2475 /* InfoPlist.strings */,
				CA4F1687184D0CB600AE2475 /* main.m */,
				CA4F1689184D0CB600AE2475 /* JYGraphViewDemoProject-Prefix.pch */,
			);
			name = "Supporting Files";
			sourceTree = "<group>";
		};
		DF70F6D81AB1FD5700F211A7 /* JYGraphViewDemoProject WatchKit Extension */ = {
			isa = PBXGroup;
			children = (
				DF70F6DC1AB1FD5700F211A7 /* InterfaceController.h */,
				DF70F6DD1AB1FD5700F211A7 /* InterfaceController.m */,
				DF70F6E21AB1FD5700F211A7 /* GlanceController.h */,
				DF70F6E31AB1FD5700F211A7 /* GlanceController.m */,
				DF70F6E51AB1FD5700F211A7 /* Images.xcassets */,
				DF70F6D91AB1FD5700F211A7 /* Supporting Files */,
			);
			path = "JYGraphViewDemoProject WatchKit Extension";
			sourceTree = "<group>";
		};
		DF70F6D91AB1FD5700F211A7 /* Supporting Files */ = {
			isa = PBXGroup;
			children = (
				DF70F6DA1AB1FD5700F211A7 /* Info.plist */,
				DF70F6DB1AB1FD5700F211A7 /* PushNotificationPayload.apns */,
			);
			name = "Supporting Files";
			sourceTree = "<group>";
		};
		DF70F6ED1AB1FD5700F211A7 /* JYGraphViewDemoProject WatchKit App */ = {
			isa = PBXGroup;
			children = (
				DF70F6F01AB1FD5700F211A7 /* Interface.storyboard */,
				DF70F6F31AB1FD5700F211A7 /* Images.xcassets */,
				DF70F6EE1AB1FD5700F211A7 /* Supporting Files */,
			);
			path = "JYGraphViewDemoProject WatchKit App";
			sourceTree = "<group>";
		};
		DF70F6EE1AB1FD5700F211A7 /* Supporting Files */ = {
			isa = PBXGroup;
			children = (
				DF70F6EF1AB1FD5700F211A7 /* Info.plist */,
			);
			name = "Supporting Files";
			sourceTree = "<group>";
		};
/* End PBXGroup section */

/* Begin PBXNativeTarget section */
		CA4F1677184D0CB600AE2475 /* JYGraphViewDemoProject */ = {
			isa = PBXNativeTarget;
			buildConfigurationList = CA4F16AA184D0CB600AE2475 /* Build configuration list for PBXNativeTarget "JYGraphViewDemoProject" */;
			buildPhases = (
				CA4F1674184D0CB600AE2475 /* Sources */,
				CA4F1675184D0CB600AE2475 /* Frameworks */,
				CA4F1676184D0CB600AE2475 /* Resources */,
				DF70F6FE1AB1FD5700F211A7 /* Embed App Extensions */,
			);
			buildRules = (
			);
			dependencies = (
				DF70F6F61AB1FD5700F211A7 /* PBXTargetDependency */,
			);
			name = JYGraphViewDemoProject;
			productName = JYGraphViewDemoProject;
			productReference = CA4F1678184D0CB600AE2475 /* JYGraphViewDemoProject.app */;
			productType = "com.apple.product-type.application";
		};
		DF70F6D61AB1FD5700F211A7 /* JYGraphViewDemoProject WatchKit Extension */ = {
			isa = PBXNativeTarget;
			buildConfigurationList = DF70F6FD1AB1FD5700F211A7 /* Build configuration list for PBXNativeTarget "JYGraphViewDemoProject WatchKit Extension" */;
			buildPhases = (
				DF70F6D31AB1FD5700F211A7 /* Sources */,
				DF70F6D41AB1FD5700F211A7 /* Frameworks */,
				DF70F6D51AB1FD5700F211A7 /* Resources */,
			);
			buildRules = (
			);
			dependencies = (
				DF70F6EC1AB1FD5700F211A7 /* PBXTargetDependency */,
			);
			name = "JYGraphViewDemoProject WatchKit Extension";
			productName = "JYGraphViewDemoProject WatchKit Extension";
			productReference = DF70F6D71AB1FD5700F211A7 /* JYGraphViewDemoProject WatchKit Extension.appex */;
			productType = "com.apple.product-type.watchkit-extension";
		};
		DF70F6E81AB1FD5700F211A7 /* JYGraphViewDemoProject WatchKit App */ = {
			isa = PBXNativeTarget;
			buildConfigurationList = DF70F6FC1AB1FD5700F211A7 /* Build configuration list for PBXNativeTarget "JYGraphViewDemoProject WatchKit App" */;
			buildPhases = (
				DF70F6E71AB1FD5700F211A7 /* Resources */,
			);
			buildRules = (
			);
			dependencies = (
			);
			name = "JYGraphViewDemoProject WatchKit App";
			productName = "JYGraphViewDemoProject WatchKit App";
			productReference = DF70F6E91AB1FD5700F211A7 /* JYGraphViewDemoProject WatchKit App.app */;
			productType = "com.apple.product-type.application.watchapp";
		};
/* End PBXNativeTarget section */

/* Begin PBXProject section */
		CA4F1670184D0CB600AE2475 /* Project object */ = {
			isa = PBXProject;
			attributes = {
				CLASSPREFIX = JYGraph;
				LastUpgradeCheck = 0510;
				ORGANIZATIONNAME = "John Yorke";
				TargetAttributes = {
					CA4F1677184D0CB600AE2475 = {
						DevelopmentTeam = ZKAN55X625;
					};
					DF70F6D61AB1FD5700F211A7 = {
						CreatedOnToolsVersion = 6.2;
						DevelopmentTeam = ZKAN55X625;
					};
					DF70F6E81AB1FD5700F211A7 = {
						CreatedOnToolsVersion = 6.2;
					};
				};
			};
			buildConfigurationList = CA4F1673184D0CB600AE2475 /* Build configuration list for PBXProject "JYGraphViewDemoProject" */;
			compatibilityVersion = "Xcode 3.2";
			developmentRegion = English;
			hasScannedForEncodings = 0;
			knownRegions = (
				en,
				Base,
			);
			mainGroup = CA4F166F184D0CB600AE2475;
			productRefGroup = CA4F1679184D0CB600AE2475 /* Products */;
			projectDirPath = "";
			projectRoot = "";
			targets = (
				CA4F1677184D0CB600AE2475 /* JYGraphViewDemoProject */,
				DF70F6D61AB1FD5700F211A7 /* JYGraphViewDemoProject WatchKit Extension */,
				DF70F6E81AB1FD5700F211A7 /* JYGraphViewDemoProject WatchKit App */,
			);
		};
/* End PBXProject section */

/* Begin PBXResourcesBuildPhase section */
		CA4F1676184D0CB600AE2475 /* Resources */ = {
			isa = PBXResourcesBuildPhase;
			buildActionMask = 2147483647;
			files = (
				CA4F16B7184D0CDB00AE2475 /* JYGraphMenuViewController.xib in Resources */,
				CA4F1694184D0CB600AE2475 /* Images.xcassets in Resources */,
				DFE95DC11A49723C00FB8AD7 /* JYGraphMenuViewController~ipad.xib in Resources */,
				CA4F1686184D0CB600AE2475 /* InfoPlist.strings in Resources */,
			);
			runOnlyForDeploymentPostprocessing = 0;
		};
		DF70F6D51AB1FD5700F211A7 /* Resources */ = {
			isa = PBXResourcesBuildPhase;
			buildActionMask = 2147483647;
			files = (
				DF70F6EA1AB1FD5700F211A7 /* JYGraphViewDemoProject WatchKit App.app in Resources */,
				DF70F6E61AB1FD5700F211A7 /* Images.xcassets in Resources */,
			);
			runOnlyForDeploymentPostprocessing = 0;
		};
		DF70F6E71AB1FD5700F211A7 /* Resources */ = {
			isa = PBXResourcesBuildPhase;
			buildActionMask = 2147483647;
			files = (
				DF70F6F21AB1FD5700F211A7 /* Interface.storyboard in Resources */,
				DF70F6F41AB1FD5700F211A7 /* Images.xcassets in Resources */,
			);
			runOnlyForDeploymentPostprocessing = 0;
		};
/* End PBXResourcesBuildPhase section */

/* Begin PBXSourcesBuildPhase section */
		CA4F1674184D0CB600AE2475 /* Sources */ = {
			isa = PBXSourcesBuildPhase;
			buildActionMask = 2147483647;
			files = (
				CA4F16B6184D0CDB00AE2475 /* JYGraphMenuViewController.m in Sources */,
				CA4F168C184D0CB600AE2475 /* JYGraphAppDelegate.m in Sources */,
				CAD411471850B53D005C28F2 /* JYGraphPoint.m in Sources */,
				CA5006CB19A93CD800E993E6 /* JYGraphView.m in Sources */,
				CA4F1688184D0CB600AE2475 /* main.m in Sources */,
			);
			runOnlyForDeploymentPostprocessing = 0;
		};
		DF70F6D31AB1FD5700F211A7 /* Sources */ = {
			isa = PBXSourcesBuildPhase;
			buildActionMask = 2147483647;
			files = (
				DF70F6FF1AB1FED200F211A7 /* JYGraphView.m in Sources */,
				DF70F7001AB1FFAD00F211A7 /* JYGraphPoint.m in Sources */,
				DF70F6DE1AB1FD5700F211A7 /* InterfaceController.m in Sources */,
				DF70F6E41AB1FD5700F211A7 /* GlanceController.m in Sources */,
			);
			runOnlyForDeploymentPostprocessing = 0;
		};
/* End PBXSourcesBuildPhase section */

/* Begin PBXTargetDependency section */
		DF70F6EC1AB1FD5700F211A7 /* PBXTargetDependency */ = {
			isa = PBXTargetDependency;
			target = DF70F6E81AB1FD5700F211A7 /* JYGraphViewDemoProject WatchKit App */;
			targetProxy = DF70F6EB1AB1FD5700F211A7 /* PBXContainerItemProxy */;
		};
		DF70F6F61AB1FD5700F211A7 /* PBXTargetDependency */ = {
			isa = PBXTargetDependency;
			target = DF70F6D61AB1FD5700F211A7 /* JYGraphViewDemoProject WatchKit Extension */;
			targetProxy = DF70F6F51AB1FD5700F211A7 /* PBXContainerItemProxy */;
		};
/* End PBXTargetDependency section */

/* Begin PBXVariantGroup section */
		CA4F1684184D0CB600AE2475 /* InfoPlist.strings */ = {
			isa = PBXVariantGroup;
			children = (
				CA4F1685184D0CB600AE2475 /* en */,
			);
			name = InfoPlist.strings;
			sourceTree = "<group>";
		};
		DF70F6F01AB1FD5700F211A7 /* Interface.storyboard */ = {
			isa = PBXVariantGroup;
			children = (
				DF70F6F11AB1FD5700F211A7 /* Base */,
			);
			name = Interface.storyboard;
			sourceTree = "<group>";
		};
/* End PBXVariantGroup section */

/* Begin XCBuildConfiguration section */
		CA4F16A8184D0CB600AE2475 /* Debug */ = {
			isa = XCBuildConfiguration;
			buildSettings = {
				ALWAYS_SEARCH_USER_PATHS = NO;
				CLANG_CXX_LANGUAGE_STANDARD = "gnu++0x";
				CLANG_CXX_LIBRARY = "libc++";
				CLANG_ENABLE_MODULES = YES;
				CLANG_ENABLE_OBJC_ARC = YES;
				CLANG_WARN_BOOL_CONVERSION = YES;
				CLANG_WARN_CONSTANT_CONVERSION = YES;
				CLANG_WARN_DIRECT_OBJC_ISA_USAGE = YES_ERROR;
				CLANG_WARN_EMPTY_BODY = YES;
				CLANG_WARN_ENUM_CONVERSION = YES;
				CLANG_WARN_INT_CONVERSION = YES;
				CLANG_WARN_OBJC_ROOT_CLASS = YES_ERROR;
				CLANG_WARN__DUPLICATE_METHOD_MATCH = YES;
				"CODE_SIGN_IDENTITY[sdk=iphoneos*]" = "iPhone Developer";
				COPY_PHASE_STRIP = NO;
				GCC_C_LANGUAGE_STANDARD = gnu99;
				GCC_DYNAMIC_NO_PIC = NO;
				GCC_OPTIMIZATION_LEVEL = 0;
				GCC_PREPROCESSOR_DEFINITIONS = (
					"DEBUG=1",
					"$(inherited)",
				);
				GCC_SYMBOLS_PRIVATE_EXTERN = NO;
				GCC_WARN_64_TO_32_BIT_CONVERSION = YES;
				GCC_WARN_ABOUT_RETURN_TYPE = YES_ERROR;
				GCC_WARN_UNDECLARED_SELECTOR = YES;
				GCC_WARN_UNINITIALIZED_AUTOS = YES;
				GCC_WARN_UNUSED_FUNCTION = YES;
				GCC_WARN_UNUSED_VARIABLE = YES;
				IPHONEOS_DEPLOYMENT_TARGET = 7.0;
				ONLY_ACTIVE_ARCH = YES;
				SDKROOT = iphoneos;
			};
			name = Debug;
		};
		CA4F16A9184D0CB600AE2475 /* Release */ = {
			isa = XCBuildConfiguration;
			buildSettings = {
				ALWAYS_SEARCH_USER_PATHS = NO;
				CLANG_CXX_LANGUAGE_STANDARD = "gnu++0x";
				CLANG_CXX_LIBRARY = "libc++";
				CLANG_ENABLE_MODULES = YES;
				CLANG_ENABLE_OBJC_ARC = YES;
				CLANG_WARN_BOOL_CONVERSION = YES;
				CLANG_WARN_CONSTANT_CONVERSION = YES;
				CLANG_WARN_DIRECT_OBJC_ISA_USAGE = YES_ERROR;
				CLANG_WARN_EMPTY_BODY = YES;
				CLANG_WARN_ENUM_CONVERSION = YES;
				CLANG_WARN_INT_CONVERSION = YES;
				CLANG_WARN_OBJC_ROOT_CLASS = YES_ERROR;
				CLANG_WARN__DUPLICATE_METHOD_MATCH = YES;
				"CODE_SIGN_IDENTITY[sdk=iphoneos*]" = "iPhone Developer";
				COPY_PHASE_STRIP = YES;
				ENABLE_NS_ASSERTIONS = NO;
				GCC_C_LANGUAGE_STANDARD = gnu99;
				GCC_WARN_64_TO_32_BIT_CONVERSION = YES;
				GCC_WARN_ABOUT_RETURN_TYPE = YES_ERROR;
				GCC_WARN_UNDECLARED_SELECTOR = YES;
				GCC_WARN_UNINITIALIZED_AUTOS = YES;
				GCC_WARN_UNUSED_FUNCTION = YES;
				GCC_WARN_UNUSED_VARIABLE = YES;
				IPHONEOS_DEPLOYMENT_TARGET = 7.0;
				SDKROOT = iphoneos;
				VALIDATE_PRODUCT = YES;
			};
			name = Release;
		};
		CA4F16AB184D0CB600AE2475 /* Debug */ = {
			isa = XCBuildConfiguration;
			buildSettings = {
				ASSETCATALOG_COMPILER_APPICON_NAME = AppIcon;
				ASSETCATALOG_COMPILER_LAUNCHIMAGE_NAME = LaunchImage;
				CODE_SIGN_IDENTITY = "iPhone Developer";
				"CODE_SIGN_IDENTITY[sdk=iphoneos*]" = "iPhone Developer";
				GCC_PRECOMPILE_PREFIX_HEADER = YES;
				GCC_PREFIX_HEADER = "JYGraphViewDemoProject/JYGraphViewDemoProject-Prefix.pch";
				INFOPLIST_FILE = "JYGraphViewDemoProject/JYGraphViewDemoProject-Info.plist";
				IPHONEOS_DEPLOYMENT_TARGET = 7.0;
				PRODUCT_NAME = JYGraphViewDemoProject;
				PROVISIONING_PROFILE = "";
				TARGETED_DEVICE_FAMILY = "1,2";
				WRAPPER_EXTENSION = app;
			};
			name = Debug;
		};
		CA4F16AC184D0CB600AE2475 /* Release */ = {
			isa = XCBuildConfiguration;
			buildSettings = {
				ASSETCATALOG_COMPILER_APPICON_NAME = AppIcon;
				ASSETCATALOG_COMPILER_LAUNCHIMAGE_NAME = LaunchImage;
				CODE_SIGN_IDENTITY = "iPhone Developer";
				"CODE_SIGN_IDENTITY[sdk=iphoneos*]" = "iPhone Developer";
				GCC_PRECOMPILE_PREFIX_HEADER = YES;
				GCC_PREFIX_HEADER = "JYGraphViewDemoProject/JYGraphViewDemoProject-Prefix.pch";
				INFOPLIST_FILE = "JYGraphViewDemoProject/JYGraphViewDemoProject-Info.plist";
				IPHONEOS_DEPLOYMENT_TARGET = 7.0;
				PRODUCT_NAME = JYGraphViewDemoProject;
				PROVISIONING_PROFILE = "";
				TARGETED_DEVICE_FAMILY = "1,2";
				WRAPPER_EXTENSION = app;
			};
			name = Release;
		};
		DF70F6F81AB1FD5700F211A7 /* Debug */ = {
			isa = XCBuildConfiguration;
			buildSettings = {
				CLANG_WARN_UNREACHABLE_CODE = YES;
				CODE_SIGN_IDENTITY = "iPhone Developer";
				"CODE_SIGN_IDENTITY[sdk=iphoneos*]" = "iPhone Developer";
				ENABLE_STRICT_OBJC_MSGSEND = YES;
				GCC_PREPROCESSOR_DEFINITIONS = (
					"DEBUG=1",
					"$(inherited)",
				);
				GCC_WARN_UNINITIALIZED_AUTOS = YES_AGGRESSIVE;
				INFOPLIST_FILE = "JYGraphViewDemoProject WatchKit Extension/Info.plist";
				IPHONEOS_DEPLOYMENT_TARGET = 8.2;
				LD_RUNPATH_SEARCH_PATHS = "$(inherited) @executable_path/Frameworks @executable_path/../../Frameworks";
				MTL_ENABLE_DEBUG_INFO = YES;
				PRODUCT_NAME = "${TARGET_NAME}";
				SKIP_INSTALL = YES;
			};
			name = Debug;
		};
		DF70F6F91AB1FD5700F211A7 /* Release */ = {
			isa = XCBuildConfiguration;
			buildSettings = {
				CLANG_WARN_UNREACHABLE_CODE = YES;
				CODE_SIGN_IDENTITY = "iPhone Developer";
				"CODE_SIGN_IDENTITY[sdk=iphoneos*]" = "iPhone Developer";
				COPY_PHASE_STRIP = NO;
				ENABLE_STRICT_OBJC_MSGSEND = YES;
				GCC_WARN_UNINITIALIZED_AUTOS = YES_AGGRESSIVE;
				INFOPLIST_FILE = "JYGraphViewDemoProject WatchKit Extension/Info.plist";
				IPHONEOS_DEPLOYMENT_TARGET = 8.2;
				LD_RUNPATH_SEARCH_PATHS = "$(inherited) @executable_path/Frameworks @executable_path/../../Frameworks";
				MTL_ENABLE_DEBUG_INFO = NO;
				PRODUCT_NAME = "${TARGET_NAME}";
				SKIP_INSTALL = YES;
			};
			name = Release;
		};
		DF70F6FA1AB1FD5700F211A7 /* Debug */ = {
			isa = XCBuildConfiguration;
			buildSettings = {
				ASSETCATALOG_COMPILER_APPICON_NAME = AppIcon;
				CLANG_WARN_UNREACHABLE_CODE = YES;
				ENABLE_STRICT_OBJC_MSGSEND = YES;
				GCC_PREPROCESSOR_DEFINITIONS = (
					"DEBUG=1",
					"$(inherited)",
				);
				GCC_WARN_UNINITIALIZED_AUTOS = YES_AGGRESSIVE;
				IBSC_MODULE = JYGraphViewDemoProject_WatchKit_Extension;
				INFOPLIST_FILE = "JYGraphViewDemoProject WatchKit App/Info.plist";
				IPHONEOS_DEPLOYMENT_TARGET = 8.2;
				MTL_ENABLE_DEBUG_INFO = YES;
				PRODUCT_NAME = "$(TARGET_NAME)";
				SKIP_INSTALL = YES;
				TARGETED_DEVICE_FAMILY = 4;
				"TARGETED_DEVICE_FAMILY[sdk=iphonesimulator*]" = "1,4";
			};
			name = Debug;
		};
		DF70F6FB1AB1FD5700F211A7 /* Release */ = {
			isa = XCBuildConfiguration;
			buildSettings = {
				ASSETCATALOG_COMPILER_APPICON_NAME = AppIcon;
				CLANG_WARN_UNREACHABLE_CODE = YES;
				COPY_PHASE_STRIP = NO;
				ENABLE_STRICT_OBJC_MSGSEND = YES;
				GCC_WARN_UNINITIALIZED_AUTOS = YES_AGGRESSIVE;
				IBSC_MODULE = JYGraphViewDemoProject_WatchKit_Extension;
				INFOPLIST_FILE = "JYGraphViewDemoProject WatchKit App/Info.plist";
				IPHONEOS_DEPLOYMENT_TARGET = 8.2;
				MTL_ENABLE_DEBUG_INFO = NO;
				PRODUCT_NAME = "$(TARGET_NAME)";
				SKIP_INSTALL = YES;
				TARGETED_DEVICE_FAMILY = 4;
				"TARGETED_DEVICE_FAMILY[sdk=iphonesimulator*]" = "1,4";
			};
			name = Release;
		};
/* End XCBuildConfiguration section */

/* Begin XCConfigurationList section */
		CA4F1673184D0CB600AE2475 /* Build configuration list for PBXProject "JYGraphViewDemoProject" */ = {
			isa = XCConfigurationList;
			buildConfigurations = (
				CA4F16A8184D0CB600AE2475 /* Debug */,
				CA4F16A9184D0CB600AE2475 /* Release */,
			);
			defaultConfigurationIsVisible = 0;
			defaultConfigurationName = Release;
		};
		CA4F16AA184D0CB600AE2475 /* Build configuration list for PBXNativeTarget "JYGraphViewDemoProject" */ = {
			isa = XCConfigurationList;
			buildConfigurations = (
				CA4F16AB184D0CB600AE2475 /* Debug */,
				CA4F16AC184D0CB600AE2475 /* Release */,
			);
			defaultConfigurationIsVisible = 0;
			defaultConfigurationName = Release;
		};
		DF70F6FC1AB1FD5700F211A7 /* Build configuration list for PBXNativeTarget "JYGraphViewDemoProject WatchKit App" */ = {
			isa = XCConfigurationList;
			buildConfigurations = (
				DF70F6FA1AB1FD5700F211A7 /* Debug */,
				DF70F6FB1AB1FD5700F211A7 /* Release */,
			);
			defaultConfigurationIsVisible = 0;
			defaultConfigurationName = Release;
		};
		DF70F6FD1AB1FD5700F211A7 /* Build configuration list for PBXNativeTarget "JYGraphViewDemoProject WatchKit Extension" */ = {
			isa = XCConfigurationList;
			buildConfigurations = (
				DF70F6F81AB1FD5700F211A7 /* Debug */,
				DF70F6F91AB1FD5700F211A7 /* Release */,
			);
			defaultConfigurationIsVisible = 0;
			defaultConfigurationName = Release;
		};
/* End XCConfigurationList section */
	};
	rootObject = CA4F1670184D0CB600AE2475 /* Project object */;
}
